<?xml version="1.0" encoding="utf-8"?>
<Project ToolsVersion="4.0" xmlns="http://schemas.microsoft.com/developer/msbuild/2003">
  <ItemGroup>
    <Filter Include="소스 파일">
      <UniqueIdentifier>{4FC737F1-C7A5-4376-A066-2A32D752A2FF}</UniqueIdentifier>
      <Extensions>cpp;c;cc;cxx;c++;cppm;ixx;def;odl;idl;hpj;bat;asm;asmx</Extensions>
    </Filter>
    <Filter Include="헤더 파일">
      <UniqueIdentifier>{93995380-89BD-4b04-88EB-625FBE52EBFB}</UniqueIdentifier>
      <Extensions>h;hh;hpp;hxx;h++;hm;inl;inc;ipp;xsd</Extensions>
    </Filter>
    <Filter Include="리소스 파일">
      <UniqueIdentifier>{67DA6AB6-F800-4c08-8B7A-83BB121AAD01}</UniqueIdentifier>
      <Extensions>rc;ico;cur;bmp;dlg;rc2;rct;bin;rgs;gif;jpg;jpeg;jpe;resx;tiff;tif;png;wav;mfcribbon-ms</Extensions>
    </Filter>
  </ItemGroup>
  <ItemGroup>
    <ClCompile Include="[BOJ]2920.cpp">
      <Filter>소스 파일</Filter>
    </ClCompile>
    <ClCompile Include="[BOJ]1181.cpp">
      <Filter>소스 파일</Filter>
    </ClCompile>
    <ClCompile Include="[BOJ]1259.cpp">
      <Filter>소스 파일</Filter>
    </ClCompile>
    <ClCompile Include="[BOJ]2164.cpp">
      <Filter>소스 파일</Filter>
    </ClCompile>
    <ClCompile Include="[BOJ]2751.cpp">
      <Filter>소스 파일</Filter>
    </ClCompile>
    <ClCompile Include="[BOJ]9012.cpp">
      <Filter>소스 파일</Filter>
    </ClCompile>
    <ClCompile Include="[BOJ]10814.cpp">
      <Filter>소스 파일</Filter>
    </ClCompile>
    <ClCompile Include="[BOJ]10828.cpp">
      <Filter>소스 파일</Filter>
    </ClCompile>
    <ClCompile Include="[BOJ]10845.cpp">
      <Filter>소스 파일</Filter>
    </ClCompile>
    <ClCompile Include="[BOJ]10866.cpp">
      <Filter>소스 파일</Filter>
    </ClCompile>
    <ClCompile Include="[BOJ]11050.cpp">
      <Filter>소스 파일</Filter>
    </ClCompile>
    <ClCompile Include="[BOJ]11650.cpp">
      <Filter>소스 파일</Filter>
    </ClCompile>
    <ClCompile Include="[BOJ]11866.cpp">
      <Filter>소스 파일</Filter>
    </ClCompile>
    <ClCompile Include="[BOJ]1654.cpp">
      <Filter>소스 파일</Filter>
    </ClCompile>
    <ClCompile Include="[BOJ]1874.cpp">
      <Filter>소스 파일</Filter>
    </ClCompile>
    <ClCompile Include="[BOJ]1966.cpp">
      <Filter>소스 파일</Filter>
    </ClCompile>
    <ClCompile Include="[BOJ]2108.cpp">
      <Filter>소스 파일</Filter>
    </ClCompile>
    <ClCompile Include="[BOJ]2805.cpp">
      <Filter>소스 파일</Filter>
    </ClCompile>
    <ClCompile Include="[BOJ]4949.cpp">
      <Filter>소스 파일</Filter>
    </ClCompile>
    <ClCompile Include="[BOJ]10773.cpp">
      <Filter>소스 파일</Filter>
    </ClCompile>
    <ClCompile Include="[BOj]10989.cpp">
      <Filter>소스 파일</Filter>
    </ClCompile>
    <ClCompile Include="[BOJ]11651.cpp">
      <Filter>소스 파일</Filter>
    </ClCompile>
    <ClCompile Include="[BOJ]15829.cpp">
      <Filter>소스 파일</Filter>
    </ClCompile>
    <ClCompile Include="[BOJ]18111.cpp">
      <Filter>소스 파일</Filter>
    </ClCompile>
    <ClCompile Include="[BOJ]1012.cpp">
      <Filter>소스 파일</Filter>
    </ClCompile>
    <ClCompile Include="[BOJ]1074.cpp">
      <Filter>소스 파일</Filter>
    </ClCompile>
    <ClCompile Include="[BOJ]1107.cpp">
      <Filter>소스 파일</Filter>
    </ClCompile>
    <ClCompile Include="[BOJ]1260.cpp">
      <Filter>소스 파일</Filter>
    </ClCompile>
    <ClCompile Include="[BOJ]1389.cpp">
      <Filter>소스 파일</Filter>
    </ClCompile>
    <ClCompile Include="[BOJ]1620.cpp">
      <Filter>소스 파일</Filter>
    </ClCompile>
    <ClCompile Include="[BOJ]1676.cpp">
      <Filter>소스 파일</Filter>
    </ClCompile>
    <ClCompile Include="[BOJ]1697.cpp">
      <Filter>소스 파일</Filter>
    </ClCompile>
    <ClCompile Include="[BOJ]1764.cpp">
      <Filter>소스 파일</Filter>
    </ClCompile>
    <ClCompile Include="[BOJ]1927.cpp">
      <Filter>소스 파일</Filter>
    </ClCompile>
    <ClCompile Include="[BOJ]1931.cpp">
      <Filter>소스 파일</Filter>
    </ClCompile>
    <ClCompile Include="[BOJ]2606.cpp">
      <Filter>소스 파일</Filter>
    </ClCompile>
    <ClCompile Include="[BOJ]7576.cpp">
      <Filter>소스 파일</Filter>
    </ClCompile>
    <ClCompile Include="[BOJ]7662.cpp">
      <Filter>소스 파일</Filter>
    </ClCompile>
    <ClCompile Include="[BOJ]9095.cpp">
      <Filter>소스 파일</Filter>
    </ClCompile>
    <ClCompile Include="[BOJ]11279.cpp">
      <Filter>소스 파일</Filter>
    </ClCompile>
    <ClCompile Include="[BOJ]11723.cpp">
      <Filter>소스 파일</Filter>
    </ClCompile>
    <ClCompile Include="[BOJ]11724.cpp">
      <Filter>소스 파일</Filter>
    </ClCompile>
    <ClCompile Include="[BOJ]11726.cpp">
      <Filter>소스 파일</Filter>
    </ClCompile>
    <ClCompile Include="[BOJ]18870.cpp">
      <Filter>소스 파일</Filter>
    </ClCompile>
    <ClCompile Include="[BOJ]2178.cpp">
      <Filter>소스 파일</Filter>
    </ClCompile>
    <ClCompile Include="[BOJ]2667.cpp">
      <Filter>소스 파일</Filter>
    </ClCompile>
    <ClCompile Include="[BOJ]5430.cpp">
      <Filter>소스 파일</Filter>
    </ClCompile>
    <ClCompile Include="[BOJ]5525.cpp">
      <Filter>소스 파일</Filter>
    </ClCompile>
    <ClCompile Include="[BOJ]6064.cpp">
      <Filter>소스 파일</Filter>
    </ClCompile>
    <ClCompile Include="[BOJ]7569.cpp">
      <Filter>소스 파일</Filter>
    </ClCompile>
    <ClCompile Include="[BOJ]9019.cpp">
      <Filter>소스 파일</Filter>
    </ClCompile>
    <ClCompile Include="[BOJ]9375.cpp">
      <Filter>소스 파일</Filter>
    </ClCompile>
    <ClCompile Include="[BOJ]10026.cpp">
      <Filter>소스 파일</Filter>
    </ClCompile>
    <ClCompile Include="[BOJ]11286.cpp">
      <Filter>소스 파일</Filter>
    </ClCompile>
    <ClCompile Include="[BOJ]11403.cpp">
      <Filter>소스 파일</Filter>
    </ClCompile>
    <ClCompile Include="[BOJ]11403(2).cpp">
      <Filter>소스 파일</Filter>
    </ClCompile>
    <ClCompile Include="[BOJ]11659.cpp">
      <Filter>소스 파일</Filter>
    </ClCompile>
    <ClCompile Include="[BOJ]11727.cpp">
      <Filter>소스 파일</Filter>
    </ClCompile>
    <ClCompile Include="[BOJ]14500.cpp">
      <Filter>소스 파일</Filter>
    </ClCompile>
    <ClCompile Include="[BOJ]1043.cpp">
      <Filter>소스 파일</Filter>
    </ClCompile>
    <ClCompile Include="[BOJ]16236.cpp">
      <Filter>소스 파일</Filter>
    </ClCompile>
    <ClCompile Include="[BOJ]16928.cpp">
      <Filter>소스 파일</Filter>
    </ClCompile>
    <ClCompile Include="[BOJ]17219.cpp">
      <Filter>소스 파일</Filter>
    </ClCompile>
    <ClCompile Include="[BOJ]17626.cpp">
      <Filter>소스 파일</Filter>
    </ClCompile>
    <ClCompile Include="[BOJ]1167.cpp">
      <Filter>소스 파일</Filter>
    </ClCompile>
    <ClCompile Include="[BOJ]1238.cpp">
      <Filter>소스 파일</Filter>
    </ClCompile>
    <ClCompile Include="[BOJ]1504.cpp">
      <Filter>소스 파일</Filter>
    </ClCompile>
    <ClCompile Include="[BOJ]1753.cpp">
      <Filter>소스 파일</Filter>
    </ClCompile>
    <ClCompile Include="[BOJ]1865.cpp">
      <Filter>소스 파일</Filter>
    </ClCompile>
    <ClCompile Include="[BOJ]1916.cpp">
      <Filter>소스 파일</Filter>
    </ClCompile>
    <ClCompile Include="[BOJ]1918.cpp">
      <Filter>소스 파일</Filter>
    </ClCompile>
    <ClCompile Include="[BOJ]1967.cpp">
      <Filter>소스 파일</Filter>
    </ClCompile>
    <ClCompile Include="[BOJ]1991.cpp">
      <Filter>소스 파일</Filter>
    </ClCompile>
    <ClCompile Include="[BOJ]2407.cpp">
      <Filter>소스 파일</Filter>
    </ClCompile>
    <ClCompile Include="[BOJ]15654.cpp">
      <Filter>소스 파일</Filter>
    </ClCompile>
    <ClCompile Include="[BOJ]15657.cpp">
      <Filter>소스 파일</Filter>
    </ClCompile>
    <ClCompile Include="[BOJ]11725.cpp">
      <Filter>소스 파일</Filter>
    </ClCompile>
    <ClCompile Include="[BOJ]15663.cpp">
      <Filter>소스 파일</Filter>
    </ClCompile>
    <ClCompile Include="[BOJ]15666.cpp">
      <Filter>소스 파일</Filter>
    </ClCompile>
    <ClCompile Include="[BOJ]16953.cpp">
      <Filter>소스 파일</Filter>
    </ClCompile>
    <ClCompile Include="[BOJ]9465.cpp">
      <Filter>소스 파일</Filter>
    </ClCompile>
    <ClCompile Include="[BOJ]11660.cpp">
      <Filter>소스 파일</Filter>
    </ClCompile>
    <ClCompile Include="[BOJ]13549.cpp">
      <Filter>소스 파일</Filter>
    </ClCompile>
    <ClCompile Include="[BOJ]2206.cpp">
      <Filter>소스 파일</Filter>
    </ClCompile>
    <ClCompile Include="[BOJ]2263.cpp">
      <Filter>소스 파일</Filter>
    </ClCompile>
    <ClCompile Include="[BOJ]11404.cpp">
      <Filter>소스 파일</Filter>
    </ClCompile>
    <ClCompile Include="[BOJ]2096.cpp">
      <Filter>소스 파일</Filter>
    </ClCompile>
    <ClCompile Include="[BOJ]2638.cpp">
      <Filter>소스 파일</Filter>
    </ClCompile>
  </ItemGroup>
  <ItemGroup>
    <Text Include="example.txt">
      <Filter>소스 파일</Filter>
    </Text>
  </ItemGroup>
</Project>