<?xml version="1.0" encoding="utf-8"?>
<Project ToolsVersion="4.0" xmlns="http://schemas.microsoft.com/developer/msbuild/2003">
  <ItemGroup>
    <Filter Include="소스 파일">
      <UniqueIdentifier>{4FC737F1-C7A5-4376-A066-2A32D752A2FF}</UniqueIdentifier>
      <Extensions>cpp;c;cc;cxx;c++;cppm;ixx;def;odl;idl;hpj;bat;asm;asmx</Extensions>
    </Filter>
    <Filter Include="헤더 파일">
      <UniqueIdentifier>{93995380-89BD-4b04-88EB-625FBE52EBFB}</UniqueIdentifier>
      <Extensions>h;hh;hpp;hxx;h++;hm;inl;inc;ipp;xsd</Extensions>
    </Filter>
    <Filter Include="리소스 파일">
      <UniqueIdentifier>{67DA6AB6-F800-4c08-8B7A-83BB121AAD01}</UniqueIdentifier>
      <Extensions>rc;ico;cur;bmp;dlg;rc2;rct;bin;rgs;gif;jpg;jpeg;jpe;resx;tiff;tif;png;wav;mfcribbon-ms</Extensions>
    </Filter>
  </ItemGroup>
  <ItemGroup>
    <ClCompile Include="[BOJ]2920.cpp">
      <Filter>소스 파일</Filter>
    </ClCompile>
    <ClCompile Include="[BOJ]1181.cpp">
      <Filter>소스 파일</Filter>
    </ClCompile>
    <ClCompile Include="[BOJ]1259.cpp">
      <Filter>소스 파일</Filter>
    </ClCompile>
    <ClCompile Include="[BOJ]2164.cpp">
      <Filter>소스 파일</Filter>
    </ClCompile>
    <ClCompile Include="[BOJ]2751.cpp">
      <Filter>소스 파일</Filter>
    </ClCompile>
    <ClCompile Include="[BOJ]9012.cpp">
      <Filter>소스 파일</Filter>
    </ClCompile>
    <ClCompile Include="[BOJ]10814.cpp">
      <Filter>소스 파일</Filter>
    </ClCompile>
    <ClCompile Include="[BOJ]10828.cpp">
      <Filter>소스 파일</Filter>
    </ClCompile>
    <ClCompile Include="[BOJ]10845.cpp">
      <Filter>소스 파일</Filter>
    </ClCompile>
    <ClCompile Include="[BOJ]10866.cpp">
      <Filter>소스 파일</Filter>
    </ClCompile>
    <ClCompile Include="[BOJ]11050.cpp">
      <Filter>소스 파일</Filter>
    </ClCompile>
    <ClCompile Include="[BOJ]11650.cpp">
      <Filter>소스 파일</Filter>
    </ClCompile>
    <ClCompile Include="[BOJ]11866.cpp">
      <Filter>소스 파일</Filter>
    </ClCompile>
    <ClCompile Include="[BOJ]1654.cpp">
      <Filter>소스 파일</Filter>
    </ClCompile>
    <ClCompile Include="[BOJ]1874.cpp">
      <Filter>소스 파일</Filter>
    </ClCompile>
    <ClCompile Include="[BOJ]1966.cpp">
      <Filter>소스 파일</Filter>
    </ClCompile>
    <ClCompile Include="[BOJ]2108.cpp">
      <Filter>소스 파일</Filter>
    </ClCompile>
    <ClCompile Include="[BOJ]2805.cpp">
      <Filter>소스 파일</Filter>
    </ClCompile>
    <ClCompile Include="[BOJ]4949.cpp">
      <Filter>소스 파일</Filter>
    </ClCompile>
    <ClCompile Include="[BOJ]10773.cpp">
      <Filter>소스 파일</Filter>
    </ClCompile>
    <ClCompile Include="[BOj]10989.cpp">
      <Filter>소스 파일</Filter>
    </ClCompile>
    <ClCompile Include="[BOJ]11651.cpp">
      <Filter>소스 파일</Filter>
    </ClCompile>
    <ClCompile Include="[BOJ]15829.cpp">
      <Filter>소스 파일</Filter>
    </ClCompile>
    <ClCompile Include="[BOJ]18111.cpp">
      <Filter>소스 파일</Filter>
    </ClCompile>
    <ClCompile Include="[BOJ]1012.cpp">
      <Filter>소스 파일</Filter>
    </ClCompile>
    <ClCompile Include="[BOJ]1074.cpp">
      <Filter>소스 파일</Filter>
    </ClCompile>
    <ClCompile Include="[BOJ]1107.cpp">
      <Filter>소스 파일</Filter>
    </ClCompile>
    <ClCompile Include="[BOJ]1260.cpp">
      <Filter>소스 파일</Filter>
    </ClCompile>
    <ClCompile Include="[BOJ]1389.cpp">
      <Filter>소스 파일</Filter>
    </ClCompile>
    <ClCompile Include="[BOJ]1620.cpp">
      <Filter>소스 파일</Filter>
    </ClCompile>
    <ClCompile Include="[BOJ]1676.cpp">
      <Filter>소스 파일</Filter>
    </ClCompile>
    <ClCompile Include="[BOJ]1697.cpp">
      <Filter>소스 파일</Filter>
    </ClCompile>
  </ItemGroup>
</Project>